
Microsoft Visual Studio Solution File, Format Version 12.00
# Visual Studio Version 16
VisualStudioVersion = 16.0.32228.343
MinimumVisualStudioVersion = 10.0.40219.1
Project("{9A19103F-16F7-4668-BE54-9A1E7A4F7556}") = "01. Sum Seconds", "..\..\..\..\..\..\Lachezar\Programing\CS\BasicsInPrograming\02proverki_exersises\Conditional Statements Exercise\01. Sum Seconds\01. Sum Seconds.csproj", "{15615C55-259A-49E7-AB83-D1410C73E0B7}"
EndProject
Project("{9A19103F-16F7-4668-BE54-9A1E7A4F7556}") = "02. Bonus Score", "..\..\..\..\..\..\Lachezar\Programing\CS\BasicsInPrograming\02proverki_exersises\Conditional Statements Exercise\02. Bonus Score\02. Bonus Score.csproj", "{5C6DD156-E88A-4F7F-9EFF-CF1252E258D6}"
EndProject
Project("{9A19103F-16F7-4668-BE54-9A1E7A4F7556}") = "03. Time + 15 Minutes", "..\..\..\..\..\..\Lachezar\Programing\CS\BasicsInPrograming\02proverki_exersises\Conditional Statements Exercise\03. Time + 15 Minutes\03. Time + 15 Minutes.csproj", "{3E369647-B668-4B24-9F76-DF59EDFC8F3C}"
EndProject
Project("{9A19103F-16F7-4668-BE54-9A1E7A4F7556}") = "04. Toy Shop", "..\..\..\..\..\..\Lachezar\Programing\CS\BasicsInPrograming\02proverki_exersises\Conditional Statements Exercise\04. Toy Shop\04. Toy Shop.csproj", "{6CEA15EB-BB70-46DF-89E1-B2758B53FCC1}"
EndProject
Project("{9A19103F-16F7-4668-BE54-9A1E7A4F7556}") = "05. Godzilla vs. Kong", "..\..\..\..\..\..\Lachezar\Programing\CS\BasicsInPrograming\02proverki_exersises\Conditional Statements Exercise\05. Godzilla vs. Kong\05. Godzilla vs. Kong.csproj", "{8F8B7DCE-BB68-4E61-A8F4-1E84FD0C6DF1}"
EndProject
Project("{9A19103F-16F7-4668-BE54-9A1E7A4F7556}") = "06. World Swimming Record", "..\..\..\..\..\..\Lachezar\Programing\CS\BasicsInPrograming\02proverki_exersises\Conditional Statements Exercise\06. World Swimming Record\06. World Swimming Record.csproj", "{A71B9716-AE15-450F-9D0A-0E631546599C}"
EndProject
Project("{9A19103F-16F7-4668-BE54-9A1E7A4F7556}") = "07. Shopping", "..\..\..\..\..\..\Lachezar\Programing\CS\BasicsInPrograming\02proverki_exersises\Conditional Statements Exercise\07. Shopping\07. Shopping.csproj", "{E3EA21F7-F631-4E51-B2FC-E6AD5D02952C}"
EndProject
Project("{9A19103F-16F7-4668-BE54-9A1E7A4F7556}") = "08. Lunch Break", "..\..\..\..\..\..\Lachezar\Programing\CS\BasicsInPrograming\02proverki_exersises\Conditional Statements Exercise\08. Lunch Break\08. Lunch Break.csproj", "{AF1D3784-5E9C-4639-97AA-CAD83741AE87}"
EndProject
Global
	GlobalSection(SolutionConfigurationPlatforms) = preSolution
		Debug|Any CPU = Debug|Any CPU
		Release|Any CPU = Release|Any CPU
	EndGlobalSection
	GlobalSection(ProjectConfigurationPlatforms) = postSolution
		{15615C55-259A-49E7-AB83-D1410C73E0B7}.Debug|Any CPU.ActiveCfg = Debug|Any CPU
		{15615C55-259A-49E7-AB83-D1410C73E0B7}.Debug|Any CPU.Build.0 = Debug|Any CPU
		{15615C55-259A-49E7-AB83-D1410C73E0B7}.Release|Any CPU.ActiveCfg = Release|Any CPU
		{15615C55-259A-49E7-AB83-D1410C73E0B7}.Release|Any CPU.Build.0 = Release|Any CPU
		{5C6DD156-E88A-4F7F-9EFF-CF1252E258D6}.Debug|Any CPU.ActiveCfg = Debug|Any CPU
		{5C6DD156-E88A-4F7F-9EFF-CF1252E258D6}.Debug|Any CPU.Build.0 = Debug|Any CPU
		{5C6DD156-E88A-4F7F-9EFF-CF1252E258D6}.Release|Any CPU.ActiveCfg = Release|Any CPU
		{5C6DD156-E88A-4F7F-9EFF-CF1252E258D6}.Release|Any CPU.Build.0 = Release|Any CPU
		{3E369647-B668-4B24-9F76-DF59EDFC8F3C}.Debug|Any CPU.ActiveCfg = Debug|Any CPU
		{3E369647-B668-4B24-9F76-DF59EDFC8F3C}.Debug|Any CPU.Build.0 = Debug|Any CPU
		{3E369647-B668-4B24-9F76-DF59EDFC8F3C}.Release|Any CPU.ActiveCfg = Release|Any CPU
		{3E369647-B668-4B24-9F76-DF59EDFC8F3C}.Release|Any CPU.Build.0 = Release|Any CPU
		{6CEA15EB-BB70-46DF-89E1-B2758B53FCC1}.Debug|Any CPU.ActiveCfg = Debug|Any CPU
		{6CEA15EB-BB70-46DF-89E1-B2758B53FCC1}.Debug|Any CPU.Build.0 = Debug|Any CPU
		{6CEA15EB-BB70-46DF-89E1-B2758B53FCC1}.Release|Any CPU.ActiveCfg = Release|Any CPU
		{6CEA15EB-BB70-46DF-89E1-B2758B53FCC1}.Release|Any CPU.Build.0 = Release|Any CPU
		{8F8B7DCE-BB68-4E61-A8F4-1E84FD0C6DF1}.Debug|Any CPU.ActiveCfg = Debug|Any CPU
		{8F8B7DCE-BB68-4E61-A8F4-1E84FD0C6DF1}.Debug|Any CPU.Build.0 = Debug|Any CPU
		{8F8B7DCE-BB68-4E61-A8F4-1E84FD0C6DF1}.Release|Any CPU.ActiveCfg = Release|Any CPU
		{8F8B7DCE-BB68-4E61-A8F4-1E84FD0C6DF1}.Release|Any CPU.Build.0 = Release|Any CPU
		{A71B9716-AE15-450F-9D0A-0E631546599C}.Debug|Any CPU.ActiveCfg = Debug|Any CPU
		{A71B9716-AE15-450F-9D0A-0E631546599C}.Debug|Any CPU.Build.0 = Debug|Any CPU
		{A71B9716-AE15-450F-9D0A-0E631546599C}.Release|Any CPU.ActiveCfg = Release|Any CPU
		{A71B9716-AE15-450F-9D0A-0E631546599C}.Release|Any CPU.Build.0 = Release|Any CPU
		{E3EA21F7-F631-4E51-B2FC-E6AD5D02952C}.Debug|Any CPU.ActiveCfg = Debug|Any CPU
		{E3EA21F7-F631-4E51-B2FC-E6AD5D02952C}.Debug|Any CPU.Build.0 = Debug|Any CPU
		{E3EA21F7-F631-4E51-B2FC-E6AD5D02952C}.Release|Any CPU.ActiveCfg = Release|Any CPU
		{E3EA21F7-F631-4E51-B2FC-E6AD5D02952C}.Release|Any CPU.Build.0 = Release|Any CPU
		{AF1D3784-5E9C-4639-97AA-CAD83741AE87}.Debug|Any CPU.ActiveCfg = Debug|Any CPU
		{AF1D3784-5E9C-4639-97AA-CAD83741AE87}.Debug|Any CPU.Build.0 = Debug|Any CPU
		{AF1D3784-5E9C-4639-97AA-CAD83741AE87}.Release|Any CPU.ActiveCfg = Release|Any CPU
		{AF1D3784-5E9C-4639-97AA-CAD83741AE87}.Release|Any CPU.Build.0 = Release|Any CPU
	EndGlobalSection
	GlobalSection(SolutionProperties) = preSolution
		HideSolutionNode = FALSE
	EndGlobalSection
	GlobalSection(ExtensibilityGlobals) = postSolution
		SolutionGuid = {2333639D-596D-4D6F-94AB-FF8269430B04}
	EndGlobalSection
EndGlobal
